
Microsoft Visual Studio Solution File, Format Version 12.00
Project("{FAE04EC0-301F-11D3-BF4B-00C04F79EFBC}") = "iLabTicketMgr", "iLabTicketMgr.csproj", "{566EB398-7D66-4899-A22D-0A4C64C44BA0}"
EndProject
Global
	GlobalSection(SolutionConfigurationPlatforms) = preSolution
		Debug|Any CPU = Debug|Any CPU
		Release|Any CPU = Release|Any CPU
	EndGlobalSection
	GlobalSection(ProjectConfigurationPlatforms) = postSolution
		{566EB398-7D66-4899-A22D-0A4C64C44BA0}.Debug|Any CPU.ActiveCfg = Debug|Any CPU
		{566EB398-7D66-4899-A22D-0A4C64C44BA0}.Debug|Any CPU.Build.0 = Debug|Any CPU
		{566EB398-7D66-4899-A22D-0A4C64C44BA0}.Release|Any CPU.ActiveCfg = Release|Any CPU
		{566EB398-7D66-4899-A22D-0A4C64C44BA0}.Release|Any CPU.Build.0 = Release|Any CPU
	EndGlobalSection
EndGlobal
